
Microsoft Visual Studio Solution File, Format Version 12.00
# Visual Studio 15
VisualStudioVersion = 15.0.27428.2037
MinimumVisualStudioVersion = 10.0.40219.1
Project("{FAE04EC0-301F-11D3-BF4B-00C04F79EFBC}") = "MealPlannerDTApp", "WindowsFormsApp1\MealPlannerDTApp.csproj", "{A5754CFB-0B61-4CD5-88D4-E8A54FF917DB}"
EndProject
Project("{54435603-DBB4-11D2-8724-00A0C9A8B90C}") = "Installer", "Installer\Installer.vdproj", "{89E79FBF-0D3C-4EA6-90B1-4DB47A8F3071}"
EndProject
Global
	GlobalSection(SolutionConfigurationPlatforms) = preSolution
		Debug|Any CPU = Debug|Any CPU
		Release|Any CPU = Release|Any CPU
	EndGlobalSection
	GlobalSection(ProjectConfigurationPlatforms) = postSolution
		{A5754CFB-0B61-4CD5-88D4-E8A54FF917DB}.Debug|Any CPU.ActiveCfg = Debug|Any CPU
		{A5754CFB-0B61-4CD5-88D4-E8A54FF917DB}.Debug|Any CPU.Build.0 = Debug|Any CPU
		{A5754CFB-0B61-4CD5-88D4-E8A54FF917DB}.Release|Any CPU.ActiveCfg = Release|Any CPU
		{A5754CFB-0B61-4CD5-88D4-E8A54FF917DB}.Release|Any CPU.Build.0 = Release|Any CPU
		{89E79FBF-0D3C-4EA6-90B1-4DB47A8F3071}.Debug|Any CPU.ActiveCfg = Debug
		{89E79FBF-0D3C-4EA6-90B1-4DB47A8F3071}.Release|Any CPU.ActiveCfg = Release
		{89E79FBF-0D3C-4EA6-90B1-4DB47A8F3071}.Release|Any CPU.Build.0 = Release
	EndGlobalSection
	GlobalSection(SolutionProperties) = preSolution
		HideSolutionNode = FALSE
	EndGlobalSection
	GlobalSection(ExtensibilityGlobals) = postSolution
		SolutionGuid = {0903A45E-AA1A-4ADB-AC4C-C65EA6ADBC09}
	EndGlobalSection
EndGlobal
